
Microsoft Visual Studio Solution File, Format Version 12.00
# Visual Studio Version 17
VisualStudioVersion = 17.8.34511.84
MinimumVisualStudioVersion = 10.0.40219.1
Project("{FAE04EC0-301F-11D3-BF4B-00C04F79EFBC}") = "CRUDQ22024", "CRUDQ22024\CRUDQ22024.csproj", "{BA877975-1AB0-40A7-BA52-A4B60A8047B1}"
EndProject
Global
	GlobalSection(SolutionConfigurationPlatforms) = preSolution
		Debug|Any CPU = Debug|Any CPU
		Release|Any CPU = Release|Any CPU
	EndGlobalSection
	GlobalSection(ProjectConfigurationPlatforms) = postSolution
		{BA877975-1AB0-40A7-BA52-A4B60A8047B1}.Debug|Any CPU.ActiveCfg = Debug|Any CPU
		{BA877975-1AB0-40A7-BA52-A4B60A8047B1}.Debug|Any CPU.Build.0 = Debug|Any CPU
		{BA877975-1AB0-40A7-BA52-A4B60A8047B1}.Debug|Any CPU.Deploy.0 = Debug|Any CPU
		{BA877975-1AB0-40A7-BA52-A4B60A8047B1}.Release|Any CPU.ActiveCfg = Release|Any CPU
		{BA877975-1AB0-40A7-BA52-A4B60A8047B1}.Release|Any CPU.Build.0 = Release|Any CPU
		{BA877975-1AB0-40A7-BA52-A4B60A8047B1}.Release|Any CPU.Deploy.0 = Release|Any CPU
	EndGlobalSection
	GlobalSection(SolutionProperties) = preSolution
		HideSolutionNode = FALSE
	EndGlobalSection
	GlobalSection(ExtensibilityGlobals) = postSolution
		SolutionGuid = {68ECCEB2-A662-4660-88CF-F4C72C27C30C}
	EndGlobalSection
EndGlobal
